
Microsoft Visual Studio Solution File, Format Version 12.00
# Visual Studio Version 16
VisualStudioVersion = 16.0.810.25
MinimumVisualStudioVersion = 10.0.40219.1
Project("{FAE04EC0-301F-11D3-BF4B-00C04F79EFBC}") = "MultilayerPattern.Api", "MultilayerPattern.Api\MultilayerPattern.Api.csproj", "{BDB86940-9266-4ED0-891D-049590FC86E4}"
EndProject
Project("{FAE04EC0-301F-11D3-BF4B-00C04F79EFBC}") = "MultilayerPattern.Core", "MultilayerPattern.Core\MultilayerPattern.Core.csproj", "{9D16450F-3225-44BC-9684-3A0B1F184F1F}"
EndProject
Project("{FAE04EC0-301F-11D3-BF4B-00C04F79EFBC}") = "MultilayerPattern.Data", "MultilayerPattern.Data\MultilayerPattern.Data.csproj", "{DEB402E9-1CB8-4DED-A3DE-ECE2F6C6DE4B}"
EndProject
Project("{FAE04EC0-301F-11D3-BF4B-00C04F79EFBC}") = "MultilayerPattern.Services", "MultilayerPattern.Services\MultilayerPattern.Services.csproj", "{49B4845D-CAB1-4965-8415-096176182A20}"
EndProject
Project("{FAE04EC0-301F-11D3-BF4B-00C04F79EFBC}") = "MultilayerPattern.DTO", "MultilayerPattern.DTO\MultilayerPattern.DTO.csproj", "{6F76C593-7BF3-415C-A03A-F6E2D3FADF20}"
EndProject
Global
	GlobalSection(SolutionConfigurationPlatforms) = preSolution
		Debug|Any CPU = Debug|Any CPU
		Release|Any CPU = Release|Any CPU
	EndGlobalSection
	GlobalSection(ProjectConfigurationPlatforms) = postSolution
		{BDB86940-9266-4ED0-891D-049590FC86E4}.Debug|Any CPU.ActiveCfg = Debug|Any CPU
		{BDB86940-9266-4ED0-891D-049590FC86E4}.Debug|Any CPU.Build.0 = Debug|Any CPU
		{BDB86940-9266-4ED0-891D-049590FC86E4}.Release|Any CPU.ActiveCfg = Release|Any CPU
		{BDB86940-9266-4ED0-891D-049590FC86E4}.Release|Any CPU.Build.0 = Release|Any CPU
		{9D16450F-3225-44BC-9684-3A0B1F184F1F}.Debug|Any CPU.ActiveCfg = Debug|Any CPU
		{9D16450F-3225-44BC-9684-3A0B1F184F1F}.Debug|Any CPU.Build.0 = Debug|Any CPU
		{9D16450F-3225-44BC-9684-3A0B1F184F1F}.Release|Any CPU.ActiveCfg = Release|Any CPU
		{9D16450F-3225-44BC-9684-3A0B1F184F1F}.Release|Any CPU.Build.0 = Release|Any CPU
		{DEB402E9-1CB8-4DED-A3DE-ECE2F6C6DE4B}.Debug|Any CPU.ActiveCfg = Debug|Any CPU
		{DEB402E9-1CB8-4DED-A3DE-ECE2F6C6DE4B}.Debug|Any CPU.Build.0 = Debug|Any CPU
		{DEB402E9-1CB8-4DED-A3DE-ECE2F6C6DE4B}.Release|Any CPU.ActiveCfg = Release|Any CPU
		{DEB402E9-1CB8-4DED-A3DE-ECE2F6C6DE4B}.Release|Any CPU.Build.0 = Release|Any CPU
		{49B4845D-CAB1-4965-8415-096176182A20}.Debug|Any CPU.ActiveCfg = Debug|Any CPU
		{49B4845D-CAB1-4965-8415-096176182A20}.Debug|Any CPU.Build.0 = Debug|Any CPU
		{49B4845D-CAB1-4965-8415-096176182A20}.Release|Any CPU.ActiveCfg = Release|Any CPU
		{49B4845D-CAB1-4965-8415-096176182A20}.Release|Any CPU.Build.0 = Release|Any CPU
		{6F76C593-7BF3-415C-A03A-F6E2D3FADF20}.Debug|Any CPU.ActiveCfg = Debug|Any CPU
		{6F76C593-7BF3-415C-A03A-F6E2D3FADF20}.Debug|Any CPU.Build.0 = Debug|Any CPU
		{6F76C593-7BF3-415C-A03A-F6E2D3FADF20}.Release|Any CPU.ActiveCfg = Release|Any CPU
		{6F76C593-7BF3-415C-A03A-F6E2D3FADF20}.Release|Any CPU.Build.0 = Release|Any CPU
	EndGlobalSection
	GlobalSection(SolutionProperties) = preSolution
		HideSolutionNode = FALSE
	EndGlobalSection
	GlobalSection(ExtensibilityGlobals) = postSolution
		SolutionGuid = {1A8ECB80-A5DF-4350-8279-9FFAC05EE31D}
	EndGlobalSection
EndGlobal
